// !$*UTF8*$!
{
	archiveVersion = 1;
	classes = {
	};
	objectVersion = 46;
	objects = {

/* Begin PBXBuildFile section */
		5E52F8361AD370300034B463 /* qButtonViewController.m in Sources */ = {isa = PBXBuildFile; fileRef = 5E52F8351AD370300034B463 /* qButtonViewController.m */; };
		5E52F8391AD3710E0034B463 /* venueViewController.m in Sources */ = {isa = PBXBuildFile; fileRef = 5E52F8381AD3710E0034B463 /* venueViewController.m */; };
		5ECE08EE1AD387490054E7F5 /* Venue.m in Sources */ = {isa = PBXBuildFile; fileRef = 5ECE08ED1AD387490054E7F5 /* Venue.m */; };
		7B6A916B1A88707B001CE5D9 /* main.m in Sources */ = {isa = PBXBuildFile; fileRef = 7B6A916A1A88707B001CE5D9 /* main.m */; };
		7B6A916E1A88707B001CE5D9 /* AppDelegate.m in Sources */ = {isa = PBXBuildFile; fileRef = 7B6A916D1A88707B001CE5D9 /* AppDelegate.m */; };
		7B6A91711A88707B001CE5D9 /* ViewController.m in Sources */ = {isa = PBXBuildFile; fileRef = 7B6A91701A88707B001CE5D9 /* ViewController.m */; };
		7B6A91741A88707B001CE5D9 /* Main.storyboard in Resources */ = {isa = PBXBuildFile; fileRef = 7B6A91721A88707B001CE5D9 /* Main.storyboard */; };
		7B6A91761A88707B001CE5D9 /* Images.xcassets in Resources */ = {isa = PBXBuildFile; fileRef = 7B6A91751A88707B001CE5D9 /* Images.xcassets */; };
		7B6A91791A88707B001CE5D9 /* LaunchScreen.xib in Resources */ = {isa = PBXBuildFile; fileRef = 7B6A91771A88707B001CE5D9 /* LaunchScreen.xib */; };
		7B6A91851A88707B001CE5D9 /* QMusicAppTests.m in Sources */ = {isa = PBXBuildFile; fileRef = 7B6A91841A88707B001CE5D9 /* QMusicAppTests.m */; };
		7B6A918F1A887232001CE5D9 /* TheQueCell.xib in Resources */ = {isa = PBXBuildFile; fileRef = 7B6A918E1A887232001CE5D9 /* TheQueCell.xib */; };
		7B6A91921A8872D9001CE5D9 /* TheQueCell.m in Sources */ = {isa = PBXBuildFile; fileRef = 7B6A91911A8872D9001CE5D9 /* TheQueCell.m */; };
		7B6F9DD71A8FEBD70027AD19 /* Wllsingle@2x.png in Resources */ = {isa = PBXBuildFile; fileRef = 7B6F9DD61A8FEBD70027AD19 /* Wllsingle@2x.png */; };
		7B6F9DD91A8FED6F0027AD19 /* ricky@2x.png in Resources */ = {isa = PBXBuildFile; fileRef = 7B6F9DD81A8FED6F0027AD19 /* ricky@2x.png */; };
		7B6F9DDB1A8FED720027AD19 /* LadyGaGaBadRomance@2x.png in Resources */ = {isa = PBXBuildFile; fileRef = 7B6F9DDA1A8FED720027AD19 /* LadyGaGaBadRomance@2x.png */; };
		7B6F9DDD1A8FED770027AD19 /* tnt@2x.png in Resources */ = {isa = PBXBuildFile; fileRef = 7B6F9DDC1A8FED770027AD19 /* tnt@2x.png */; };
		7BBB004D1A9000D900BA4F0F /* arrowgreen@2x.png in Resources */ = {isa = PBXBuildFile; fileRef = 7BBB004C1A9000D900BA4F0F /* arrowgreen@2x.png */; };
		7BC5BE731A8AC69B00201DF9 /* venue_select_icon_@2x.png in Resources */ = {isa = PBXBuildFile; fileRef = 7BC5BE661A8AC69B00201DF9 /* venue_select_icon_@2x.png */; };
		7BC5BE751A8AC69B00201DF9 /* goodnews@2x.png in Resources */ = {isa = PBXBuildFile; fileRef = 7BC5BE681A8AC69B00201DF9 /* goodnews@2x.png */; };
		7BC5BE761A8AC69B00201DF9 /* hellofanight@2x.png in Resources */ = {isa = PBXBuildFile; fileRef = 7BC5BE691A8AC69B00201DF9 /* hellofanight@2x.png */; };
		7BC5BE771A8AC69B00201DF9 /* current_view_bg@2x.png in Resources */ = {isa = PBXBuildFile; fileRef = 7BC5BE6A1A8AC69B00201DF9 /* current_view_bg@2x.png */; };
		7BC5BE781A8AC69B00201DF9 /* OutkastHeyYa@2x.png in Resources */ = {isa = PBXBuildFile; fileRef = 7BC5BE6B1A8AC69B00201DF9 /* OutkastHeyYa@2x.png */; };
		7BC5BE791A8AC69B00201DF9 /* KendrickGKMC@2x.png in Resources */ = {isa = PBXBuildFile; fileRef = 7BC5BE6C1A8AC69B00201DF9 /* KendrickGKMC@2x.png */; };
		7BC5BE7A1A8AC69B00201DF9 /* timeslikethese@2x.png in Resources */ = {isa = PBXBuildFile; fileRef = 7BC5BE6D1A8AC69B00201DF9 /* timeslikethese@2x.png */; };
		7BC5BE7C1A8AC69B00201DF9 /* majorlazer@2x.png in Resources */ = {isa = PBXBuildFile; fileRef = 7BC5BE6F1A8AC69B00201DF9 /* majorlazer@2x.png */; };
		7BC5BE7D1A8AC69B00201DF9 /* Fluorescent_Adolescent@2x.png in Resources */ = {isa = PBXBuildFile; fileRef = 7BC5BE701A8AC69B00201DF9 /* Fluorescent_Adolescent@2x.png */; };
		7BC5BE861A8ADB9000201DF9 /* uparrowlogo@2x.png in Resources */ = {isa = PBXBuildFile; fileRef = 7BC5BE851A8ADB9000201DF9 /* uparrowlogo@2x.png */; };
		7BC5BE881A8ADDAB00201DF9 /* arrow@2x.png in Resources */ = {isa = PBXBuildFile; fileRef = 7BC5BE871A8ADDAB00201DF9 /* arrow@2x.png */; };
		7BC5BE8A1A8AE3CA00201DF9 /* scrivz@2x.png in Resources */ = {isa = PBXBuildFile; fileRef = 7BC5BE891A8AE3CA00201DF9 /* scrivz@2x.png */; };
		7BC5BE8C1A8AE5F300201DF9 /* bluefade@2x.png in Resources */ = {isa = PBXBuildFile; fileRef = 7BC5BE8B1A8AE5F300201DF9 /* bluefade@2x.png */; };
		DC27154DE538F0F75F0DACC4 /* libPods.a in Frameworks */ = {isa = PBXBuildFile; fileRef = DF797CFF44EB6271D38F6E3A /* libPods.a */; };
/* End PBXBuildFile section */

/* Begin PBXContainerItemProxy section */
		7B6A917F1A88707B001CE5D9 /* PBXContainerItemProxy */ = {
			isa = PBXContainerItemProxy;
			containerPortal = 7B6A915D1A88707B001CE5D9 /* Project object */;
			proxyType = 1;
			remoteGlobalIDString = 7B6A91641A88707B001CE5D9;
			remoteInfo = QMusicApp;
		};
/* End PBXContainerItemProxy section */

/* Begin PBXFileReference section */
		5A4F3401370B35B7B230F0CA /* Pods.debug.xcconfig */ = {isa = PBXFileReference; includeInIndex = 1; lastKnownFileType = text.xcconfig; name = Pods.debug.xcconfig; path = "Pods/Target Support Files/Pods/Pods.debug.xcconfig"; sourceTree = "<group>"; };
		5E52F8341AD3702F0034B463 /* qButtonViewController.h */ = {isa = PBXFileReference; fileEncoding = 4; lastKnownFileType = sourcecode.c.h; name = qButtonViewController.h; path = ../qButtonViewController.h; sourceTree = "<group>"; };
		5E52F8351AD370300034B463 /* qButtonViewController.m */ = {isa = PBXFileReference; fileEncoding = 4; lastKnownFileType = sourcecode.c.objc; name = qButtonViewController.m; path = ../qButtonViewController.m; sourceTree = "<group>"; };
		5E52F8371AD3710E0034B463 /* venueViewController.h */ = {isa = PBXFileReference; fileEncoding = 4; lastKnownFileType = sourcecode.c.h; name = venueViewController.h; path = ../venueViewController.h; sourceTree = "<group>"; };
		5E52F8381AD3710E0034B463 /* venueViewController.m */ = {isa = PBXFileReference; fileEncoding = 4; lastKnownFileType = sourcecode.c.objc; name = venueViewController.m; path = ../venueViewController.m; sourceTree = "<group>"; };
		5ECE08EC1AD387490054E7F5 /* Venue.h */ = {isa = PBXFileReference; fileEncoding = 4; lastKnownFileType = sourcecode.c.h; name = Venue.h; path = ../Venue.h; sourceTree = "<group>"; };
		5ECE08ED1AD387490054E7F5 /* Venue.m */ = {isa = PBXFileReference; fileEncoding = 4; lastKnownFileType = sourcecode.c.objc; name = Venue.m; path = ../Venue.m; sourceTree = "<group>"; };
		7A5EB608556E7CED30FD1C0A /* Pods.release.xcconfig */ = {isa = PBXFileReference; includeInIndex = 1; lastKnownFileType = text.xcconfig; name = Pods.release.xcconfig; path = "Pods/Target Support Files/Pods/Pods.release.xcconfig"; sourceTree = "<group>"; };
		7B26219D1AAE31F700AA1F06 /* newblue2.png */ = {isa = PBXFileReference; lastKnownFileType = image.png; name = newblue2.png; path = ../../../Desktop/newblue2.png; sourceTree = "<group>"; };
		7B6A91651A88707B001CE5D9 /* QMusicApp.app */ = {isa = PBXFileReference; explicitFileType = wrapper.application; includeInIndex = 0; path = QMusicApp.app; sourceTree = BUILT_PRODUCTS_DIR; };
		7B6A91691A88707B001CE5D9 /* Info.plist */ = {isa = PBXFileReference; lastKnownFileType = text.plist.xml; path = Info.plist; sourceTree = "<group>"; };
		7B6A916A1A88707B001CE5D9 /* main.m */ = {isa = PBXFileReference; lastKnownFileType = sourcecode.c.objc; path = main.m; sourceTree = "<group>"; };
		7B6A916C1A88707B001CE5D9 /* AppDelegate.h */ = {isa = PBXFileReference; lastKnownFileType = sourcecode.c.h; path = AppDelegate.h; sourceTree = "<group>"; };
		7B6A916D1A88707B001CE5D9 /* AppDelegate.m */ = {isa = PBXFileReference; lastKnownFileType = sourcecode.c.objc; path = AppDelegate.m; sourceTree = "<group>"; };
		7B6A916F1A88707B001CE5D9 /* ViewController.h */ = {isa = PBXFileReference; lastKnownFileType = sourcecode.c.h; path = ViewController.h; sourceTree = "<group>"; };
		7B6A91701A88707B001CE5D9 /* ViewController.m */ = {isa = PBXFileReference; lastKnownFileType = sourcecode.c.objc; path = ViewController.m; sourceTree = "<group>"; };
		7B6A91731A88707B001CE5D9 /* Base */ = {isa = PBXFileReference; lastKnownFileType = file.storyboard; name = Base; path = Base.lproj/Main.storyboard; sourceTree = "<group>"; };
		7B6A91751A88707B001CE5D9 /* Images.xcassets */ = {isa = PBXFileReference; lastKnownFileType = folder.assetcatalog; path = Images.xcassets; sourceTree = "<group>"; };
		7B6A91781A88707B001CE5D9 /* Base */ = {isa = PBXFileReference; lastKnownFileType = file.xib; name = Base; path = Base.lproj/LaunchScreen.xib; sourceTree = "<group>"; };
		7B6A917E1A88707B001CE5D9 /* QMusicAppTests.xctest */ = {isa = PBXFileReference; explicitFileType = wrapper.cfbundle; includeInIndex = 0; path = QMusicAppTests.xctest; sourceTree = BUILT_PRODUCTS_DIR; };
		7B6A91831A88707B001CE5D9 /* Info.plist */ = {isa = PBXFileReference; lastKnownFileType = text.plist.xml; path = Info.plist; sourceTree = "<group>"; };
		7B6A91841A88707B001CE5D9 /* QMusicAppTests.m */ = {isa = PBXFileReference; lastKnownFileType = sourcecode.c.objc; path = QMusicAppTests.m; sourceTree = "<group>"; };
		7B6A918E1A887232001CE5D9 /* TheQueCell.xib */ = {isa = PBXFileReference; fileEncoding = 4; lastKnownFileType = file.xib; path = TheQueCell.xib; sourceTree = "<group>"; };
		7B6A91901A8872D9001CE5D9 /* TheQueCell.h */ = {isa = PBXFileReference; fileEncoding = 4; lastKnownFileType = sourcecode.c.h; path = TheQueCell.h; sourceTree = "<group>"; };
		7B6A91911A8872D9001CE5D9 /* TheQueCell.m */ = {isa = PBXFileReference; fileEncoding = 4; lastKnownFileType = sourcecode.c.objc; path = TheQueCell.m; sourceTree = "<group>"; };
		7B6F9DD61A8FEBD70027AD19 /* Wllsingle@2x.png */ = {isa = PBXFileReference; lastKnownFileType = image.png; path = "Wllsingle@2x.png"; sourceTree = "<group>"; };
		7B6F9DD81A8FED6F0027AD19 /* ricky@2x.png */ = {isa = PBXFileReference; lastKnownFileType = image.png; path = "ricky@2x.png"; sourceTree = "<group>"; };
		7B6F9DDA1A8FED720027AD19 /* LadyGaGaBadRomance@2x.png */ = {isa = PBXFileReference; lastKnownFileType = image.png; path = "LadyGaGaBadRomance@2x.png"; sourceTree = "<group>"; };
		7B6F9DDC1A8FED770027AD19 /* tnt@2x.png */ = {isa = PBXFileReference; lastKnownFileType = image.png; path = "tnt@2x.png"; sourceTree = "<group>"; };
		7BBB004C1A9000D900BA4F0F /* arrowgreen@2x.png */ = {isa = PBXFileReference; lastKnownFileType = image.png; path = "arrowgreen@2x.png"; sourceTree = "<group>"; };
		7BC5BE661A8AC69B00201DF9 /* venue_select_icon_@2x.png */ = {isa = PBXFileReference; lastKnownFileType = image.png; path = "venue_select_icon_@2x.png"; sourceTree = "<group>"; };
		7BC5BE681A8AC69B00201DF9 /* goodnews@2x.png */ = {isa = PBXFileReference; lastKnownFileType = image.png; path = "goodnews@2x.png"; sourceTree = "<group>"; };
		7BC5BE691A8AC69B00201DF9 /* hellofanight@2x.png */ = {isa = PBXFileReference; lastKnownFileType = image.png; path = "hellofanight@2x.png"; sourceTree = "<group>"; };
		7BC5BE6A1A8AC69B00201DF9 /* current_view_bg@2x.png */ = {isa = PBXFileReference; lastKnownFileType = image.png; path = "current_view_bg@2x.png"; sourceTree = "<group>"; };
		7BC5BE6B1A8AC69B00201DF9 /* OutkastHeyYa@2x.png */ = {isa = PBXFileReference; lastKnownFileType = image.png; path = "OutkastHeyYa@2x.png"; sourceTree = "<group>"; };
		7BC5BE6C1A8AC69B00201DF9 /* KendrickGKMC@2x.png */ = {isa = PBXFileReference; lastKnownFileType = image.png; path = "KendrickGKMC@2x.png"; sourceTree = "<group>"; };
		7BC5BE6D1A8AC69B00201DF9 /* timeslikethese@2x.png */ = {isa = PBXFileReference; lastKnownFileType = image.png; path = "timeslikethese@2x.png"; sourceTree = "<group>"; };
		7BC5BE6F1A8AC69B00201DF9 /* majorlazer@2x.png */ = {isa = PBXFileReference; lastKnownFileType = image.png; path = "majorlazer@2x.png"; sourceTree = "<group>"; };
		7BC5BE701A8AC69B00201DF9 /* Fluorescent_Adolescent@2x.png */ = {isa = PBXFileReference; lastKnownFileType = image.png; path = "Fluorescent_Adolescent@2x.png"; sourceTree = "<group>"; };
		7BC5BE851A8ADB9000201DF9 /* uparrowlogo@2x.png */ = {isa = PBXFileReference; lastKnownFileType = image.png; path = "uparrowlogo@2x.png"; sourceTree = "<group>"; };
		7BC5BE871A8ADDAB00201DF9 /* arrow@2x.png */ = {isa = PBXFileReference; lastKnownFileType = image.png; path = "arrow@2x.png"; sourceTree = "<group>"; };
		7BC5BE891A8AE3CA00201DF9 /* scrivz@2x.png */ = {isa = PBXFileReference; lastKnownFileType = image.png; path = "scrivz@2x.png"; sourceTree = "<group>"; };
		7BC5BE8B1A8AE5F300201DF9 /* bluefade@2x.png */ = {isa = PBXFileReference; lastKnownFileType = image.png; path = "bluefade@2x.png"; sourceTree = "<group>"; };
		DF797CFF44EB6271D38F6E3A /* libPods.a */ = {isa = PBXFileReference; explicitFileType = archive.ar; includeInIndex = 0; path = libPods.a; sourceTree = BUILT_PRODUCTS_DIR; };
/* End PBXFileReference section */

/* Begin PBXFrameworksBuildPhase section */
		7B6A91621A88707B001CE5D9 /* Frameworks */ = {
			isa = PBXFrameworksBuildPhase;
			buildActionMask = 2147483647;
			files = (
				DC27154DE538F0F75F0DACC4 /* libPods.a in Frameworks */,
			);
			runOnlyForDeploymentPostprocessing = 0;
		};
		7B6A917B1A88707B001CE5D9 /* Frameworks */ = {
			isa = PBXFrameworksBuildPhase;
			buildActionMask = 2147483647;
			files = (
			);
			runOnlyForDeploymentPostprocessing = 0;
		};
/* End PBXFrameworksBuildPhase section */

/* Begin PBXGroup section */
		767BE931D1CD2FCC07A5B880 /* Pods */ = {
			isa = PBXGroup;
			children = (
				5A4F3401370B35B7B230F0CA /* Pods.debug.xcconfig */,
				7A5EB608556E7CED30FD1C0A /* Pods.release.xcconfig */,
			);
			name = Pods;
			sourceTree = "<group>";
		};
		7B5855421A8898C80066063C /* images */ = {
			isa = PBXGroup;
			children = (
				7B6F9DD61A8FEBD70027AD19 /* Wllsingle@2x.png */,
				7BC5BE661A8AC69B00201DF9 /* venue_select_icon_@2x.png */,
				7B6F9DD81A8FED6F0027AD19 /* ricky@2x.png */,
				7BC5BE681A8AC69B00201DF9 /* goodnews@2x.png */,
				7B26219D1AAE31F700AA1F06 /* newblue2.png */,
				7BC5BE691A8AC69B00201DF9 /* hellofanight@2x.png */,
				7BC5BE891A8AE3CA00201DF9 /* scrivz@2x.png */,
				7B6F9DDA1A8FED720027AD19 /* LadyGaGaBadRomance@2x.png */,
				7BC5BE8B1A8AE5F300201DF9 /* bluefade@2x.png */,
				7BBB004C1A9000D900BA4F0F /* arrowgreen@2x.png */,
				7B6F9DDC1A8FED770027AD19 /* tnt@2x.png */,
				7BC5BE6A1A8AC69B00201DF9 /* current_view_bg@2x.png */,
				7BC5BE6B1A8AC69B00201DF9 /* OutkastHeyYa@2x.png */,
				7BC5BE851A8ADB9000201DF9 /* uparrowlogo@2x.png */,
				7BC5BE6C1A8AC69B00201DF9 /* KendrickGKMC@2x.png */,
				7BC5BE6D1A8AC69B00201DF9 /* timeslikethese@2x.png */,
				7BC5BE871A8ADDAB00201DF9 /* arrow@2x.png */,
				7BC5BE6F1A8AC69B00201DF9 /* majorlazer@2x.png */,
				7BC5BE701A8AC69B00201DF9 /* Fluorescent_Adolescent@2x.png */,
			);
			name = images;
			sourceTree = "<group>";
		};
		7B6A915C1A88707B001CE5D9 = {
			isa = PBXGroup;
			children = (
				7B6A91671A88707B001CE5D9 /* QMusicApp */,
				7B6A91811A88707B001CE5D9 /* QMusicAppTests */,
				7B6A91661A88707B001CE5D9 /* Products */,
				767BE931D1CD2FCC07A5B880 /* Pods */,
				D7AFE3B0A46670A3058B9617 /* Frameworks */,
			);
			sourceTree = "<group>";
		};
		7B6A91661A88707B001CE5D9 /* Products */ = {
			isa = PBXGroup;
			children = (
				7B6A91651A88707B001CE5D9 /* QMusicApp.app */,
				7B6A917E1A88707B001CE5D9 /* QMusicAppTests.xctest */,
			);
			name = Products;
			sourceTree = "<group>";
		};
		7B6A91671A88707B001CE5D9 /* QMusicApp */ = {
			isa = PBXGroup;
			children = (
				5ECE08EC1AD387490054E7F5 /* Venue.h */,
				5ECE08ED1AD387490054E7F5 /* Venue.m */,
				5E52F8371AD3710E0034B463 /* venueViewController.h */,
				5E52F8381AD3710E0034B463 /* venueViewController.m */,
				5E52F8341AD3702F0034B463 /* qButtonViewController.h */,
				5E52F8351AD370300034B463 /* qButtonViewController.m */,
				7B5855421A8898C80066063C /* images */,
				7B6A916C1A88707B001CE5D9 /* AppDelegate.h */,
				7B6A916D1A88707B001CE5D9 /* AppDelegate.m */,
				7B6A916F1A88707B001CE5D9 /* ViewController.h */,
				7B6A91701A88707B001CE5D9 /* ViewController.m */,
				7B6A91901A8872D9001CE5D9 /* TheQueCell.h */,
				7B6A91911A8872D9001CE5D9 /* TheQueCell.m */,
				7B6A918E1A887232001CE5D9 /* TheQueCell.xib */,
				7B6A91721A88707B001CE5D9 /* Main.storyboard */,
				7B6A91751A88707B001CE5D9 /* Images.xcassets */,
				7B6A91771A88707B001CE5D9 /* LaunchScreen.xib */,
				7B6A91681A88707B001CE5D9 /* Supporting Files */,
			);
			path = QMusicApp;
			sourceTree = "<group>";
		};
		7B6A91681A88707B001CE5D9 /* Supporting Files */ = {
			isa = PBXGroup;
			children = (
				7B6A91691A88707B001CE5D9 /* Info.plist */,
				7B6A916A1A88707B001CE5D9 /* main.m */,
			);
			name = "Supporting Files";
			sourceTree = "<group>";
		};
		7B6A91811A88707B001CE5D9 /* QMusicAppTests */ = {
			isa = PBXGroup;
			children = (
				7B6A91841A88707B001CE5D9 /* QMusicAppTests.m */,
				7B6A91821A88707B001CE5D9 /* Supporting Files */,
			);
			path = QMusicAppTests;
			sourceTree = "<group>";
		};
		7B6A91821A88707B001CE5D9 /* Supporting Files */ = {
			isa = PBXGroup;
			children = (
				7B6A91831A88707B001CE5D9 /* Info.plist */,
			);
			name = "Supporting Files";
			sourceTree = "<group>";
		};
		D7AFE3B0A46670A3058B9617 /* Frameworks */ = {
			isa = PBXGroup;
			children = (
				DF797CFF44EB6271D38F6E3A /* libPods.a */,
			);
			name = Frameworks;
			sourceTree = "<group>";
		};
/* End PBXGroup section */

/* Begin PBXNativeTarget section */
		7B6A91641A88707B001CE5D9 /* QMusicApp */ = {
			isa = PBXNativeTarget;
			buildConfigurationList = 7B6A91881A88707B001CE5D9 /* Build configuration list for PBXNativeTarget "QMusicApp" */;
			buildPhases = (
				31B2A7C984BCA6CF11D7C2B5 /* Check Pods Manifest.lock */,
				7B6A91611A88707B001CE5D9 /* Sources */,
				7B6A91621A88707B001CE5D9 /* Frameworks */,
				7B6A91631A88707B001CE5D9 /* Resources */,
				0EF9F3FC629B5F03BF889B38 /* Copy Pods Resources */,
			);
			buildRules = (
			);
			dependencies = (
			);
			name = QMusicApp;
			productName = QMusicApp;
			productReference = 7B6A91651A88707B001CE5D9 /* QMusicApp.app */;
			productType = "com.apple.product-type.application";
		};
		7B6A917D1A88707B001CE5D9 /* QMusicAppTests */ = {
			isa = PBXNativeTarget;
			buildConfigurationList = 7B6A918B1A88707B001CE5D9 /* Build configuration list for PBXNativeTarget "QMusicAppTests" */;
			buildPhases = (
				7B6A917A1A88707B001CE5D9 /* Sources */,
				7B6A917B1A88707B001CE5D9 /* Frameworks */,
				7B6A917C1A88707B001CE5D9 /* Resources */,
			);
			buildRules = (
			);
			dependencies = (
				7B6A91801A88707B001CE5D9 /* PBXTargetDependency */,
			);
			name = QMusicAppTests;
			productName = QMusicAppTests;
			productReference = 7B6A917E1A88707B001CE5D9 /* QMusicAppTests.xctest */;
			productType = "com.apple.product-type.bundle.unit-test";
		};
/* End PBXNativeTarget section */

/* Begin PBXProject section */
		7B6A915D1A88707B001CE5D9 /* Project object */ = {
			isa = PBXProject;
			attributes = {
				LastUpgradeCheck = 0610;
				ORGANIZATIONNAME = "Patrick DePippo";
				TargetAttributes = {
					7B6A91641A88707B001CE5D9 = {
						CreatedOnToolsVersion = 6.1.1;
						DevelopmentTeam = 7F5HQZ2SAK;
					};
					7B6A917D1A88707B001CE5D9 = {
						CreatedOnToolsVersion = 6.1.1;
						TestTargetID = 7B6A91641A88707B001CE5D9;
					};
				};
			};
			buildConfigurationList = 7B6A91601A88707B001CE5D9 /* Build configuration list for PBXProject "QMusicApp" */;
			compatibilityVersion = "Xcode 3.2";
			developmentRegion = English;
			hasScannedForEncodings = 0;
			knownRegions = (
				en,
				Base,
			);
			mainGroup = 7B6A915C1A88707B001CE5D9;
			productRefGroup = 7B6A91661A88707B001CE5D9 /* Products */;
			projectDirPath = "";
			projectRoot = "";
			targets = (
				7B6A91641A88707B001CE5D9 /* QMusicApp */,
				7B6A917D1A88707B001CE5D9 /* QMusicAppTests */,
			);
		};
/* End PBXProject section */

/* Begin PBXResourcesBuildPhase section */
		7B6A91631A88707B001CE5D9 /* Resources */ = {
			isa = PBXResourcesBuildPhase;
			buildActionMask = 2147483647;
			files = (
				7BC5BE8C1A8AE5F300201DF9 /* bluefade@2x.png in Resources */,
				7BC5BE861A8ADB9000201DF9 /* uparrowlogo@2x.png in Resources */,
				7B6F9DDB1A8FED720027AD19 /* LadyGaGaBadRomance@2x.png in Resources */,
				7B6A91741A88707B001CE5D9 /* Main.storyboard in Resources */,
				7BC5BE7C1A8AC69B00201DF9 /* majorlazer@2x.png in Resources */,
				7B6A91791A88707B001CE5D9 /* LaunchScreen.xib in Resources */,
				7BC5BE771A8AC69B00201DF9 /* current_view_bg@2x.png in Resources */,
				7B6F9DDD1A8FED770027AD19 /* tnt@2x.png in Resources */,
				7B6F9DD91A8FED6F0027AD19 /* ricky@2x.png in Resources */,
				7BC5BE7D1A8AC69B00201DF9 /* Fluorescent_Adolescent@2x.png in Resources */,
				7BC5BE881A8ADDAB00201DF9 /* arrow@2x.png in Resources */,
				7BC5BE7A1A8AC69B00201DF9 /* timeslikethese@2x.png in Resources */,
				7BC5BE751A8AC69B00201DF9 /* goodnews@2x.png in Resources */,
				7BC5BE791A8AC69B00201DF9 /* KendrickGKMC@2x.png in Resources */,
				7BC5BE761A8AC69B00201DF9 /* hellofanight@2x.png in Resources */,
				7B6F9DD71A8FEBD70027AD19 /* Wllsingle@2x.png in Resources */,
				7BBB004D1A9000D900BA4F0F /* arrowgreen@2x.png in Resources */,
				7B6A91761A88707B001CE5D9 /* Images.xcassets in Resources */,
				7B6A918F1A887232001CE5D9 /* TheQueCell.xib in Resources */,
				7BC5BE781A8AC69B00201DF9 /* OutkastHeyYa@2x.png in Resources */,
				7BC5BE8A1A8AE3CA00201DF9 /* scrivz@2x.png in Resources */,
				7BC5BE731A8AC69B00201DF9 /* venue_select_icon_@2x.png in Resources */,
			);
			runOnlyForDeploymentPostprocessing = 0;
		};
		7B6A917C1A88707B001CE5D9 /* Resources */ = {
			isa = PBXResourcesBuildPhase;
			buildActionMask = 2147483647;
			files = (
			);
			runOnlyForDeploymentPostprocessing = 0;
		};
/* End PBXResourcesBuildPhase section */

/* Begin PBXShellScriptBuildPhase section */
		0EF9F3FC629B5F03BF889B38 /* Copy Pods Resources */ = {
			isa = PBXShellScriptBuildPhase;
			buildActionMask = 2147483647;
			files = (
			);
			inputPaths = (
			);
			name = "Copy Pods Resources";
			outputPaths = (
			);
			runOnlyForDeploymentPostprocessing = 0;
			shellPath = /bin/sh;
			shellScript = "\"${SRCROOT}/Pods/Target Support Files/Pods/Pods-resources.sh\"\n";
			showEnvVarsInLog = 0;
		};
		31B2A7C984BCA6CF11D7C2B5 /* Check Pods Manifest.lock */ = {
			isa = PBXShellScriptBuildPhase;
			buildActionMask = 2147483647;
			files = (
			);
			inputPaths = (
			);
			name = "Check Pods Manifest.lock";
			outputPaths = (
			);
			runOnlyForDeploymentPostprocessing = 0;
			shellPath = /bin/sh;
			shellScript = "diff \"${PODS_ROOT}/../Podfile.lock\" \"${PODS_ROOT}/Manifest.lock\" > /dev/null\nif [[ $? != 0 ]] ; then\n    cat << EOM\nerror: The sandbox is not in sync with the Podfile.lock. Run 'pod install' or update your CocoaPods installation.\nEOM\n    exit 1\nfi\n";
			showEnvVarsInLog = 0;
		};
/* End PBXShellScriptBuildPhase section */

/* Begin PBXSourcesBuildPhase section */
		7B6A91611A88707B001CE5D9 /* Sources */ = {
			isa = PBXSourcesBuildPhase;
			buildActionMask = 2147483647;
			files = (
				7B6A91711A88707B001CE5D9 /* ViewController.m in Sources */,
				7B6A916E1A88707B001CE5D9 /* AppDelegate.m in Sources */,
				5ECE08EE1AD387490054E7F5 /* Venue.m in Sources */,
				7B6A916B1A88707B001CE5D9 /* main.m in Sources */,
				7B6A91921A8872D9001CE5D9 /* TheQueCell.m in Sources */,
				5E52F8391AD3710E0034B463 /* venueViewController.m in Sources */,
				5E52F8361AD370300034B463 /* qButtonViewController.m in Sources */,
			);
			runOnlyForDeploymentPostprocessing = 0;
		};
		7B6A917A1A88707B001CE5D9 /* Sources */ = {
			isa = PBXSourcesBuildPhase;
			buildActionMask = 2147483647;
			files = (
				7B6A91851A88707B001CE5D9 /* QMusicAppTests.m in Sources */,
			);
			runOnlyForDeploymentPostprocessing = 0;
		};
/* End PBXSourcesBuildPhase section */

/* Begin PBXTargetDependency section */
		7B6A91801A88707B001CE5D9 /* PBXTargetDependency */ = {
			isa = PBXTargetDependency;
			target = 7B6A91641A88707B001CE5D9 /* QMusicApp */;
			targetProxy = 7B6A917F1A88707B001CE5D9 /* PBXContainerItemProxy */;
		};
/* End PBXTargetDependency section */

/* Begin PBXVariantGroup section */
		7B6A91721A88707B001CE5D9 /* Main.storyboard */ = {
			isa = PBXVariantGroup;
			children = (
				7B6A91731A88707B001CE5D9 /* Base */,
			);
			name = Main.storyboard;
			sourceTree = "<group>";
		};
		7B6A91771A88707B001CE5D9 /* LaunchScreen.xib */ = {
			isa = PBXVariantGroup;
			children = (
				7B6A91781A88707B001CE5D9 /* Base */,
			);
			name = LaunchScreen.xib;
			sourceTree = "<group>";
		};
/* End PBXVariantGroup section */

/* Begin XCBuildConfiguration section */
		7B6A91861A88707B001CE5D9 /* Debug */ = {
			isa = XCBuildConfiguration;
			buildSettings = {
				ALWAYS_SEARCH_USER_PATHS = NO;
				CLANG_CXX_LANGUAGE_STANDARD = "gnu++0x";
				CLANG_CXX_LIBRARY = "libc++";
				CLANG_ENABLE_MODULES = YES;
				CLANG_ENABLE_OBJC_ARC = YES;
				CLANG_WARN_BOOL_CONVERSION = YES;
				CLANG_WARN_CONSTANT_CONVERSION = YES;
				CLANG_WARN_DIRECT_OBJC_ISA_USAGE = YES_ERROR;
				CLANG_WARN_EMPTY_BODY = YES;
				CLANG_WARN_ENUM_CONVERSION = YES;
				CLANG_WARN_INT_CONVERSION = YES;
				CLANG_WARN_OBJC_ROOT_CLASS = YES_ERROR;
				CLANG_WARN_UNREACHABLE_CODE = YES;
				CLANG_WARN__DUPLICATE_METHOD_MATCH = YES;
				"CODE_SIGN_IDENTITY[sdk=iphoneos*]" = "iPhone Developer";
				COPY_PHASE_STRIP = NO;
				ENABLE_STRICT_OBJC_MSGSEND = YES;
				GCC_C_LANGUAGE_STANDARD = gnu99;
				GCC_DYNAMIC_NO_PIC = NO;
				GCC_OPTIMIZATION_LEVEL = 0;
				GCC_PREPROCESSOR_DEFINITIONS = (
					"DEBUG=1",
					"$(inherited)",
				);
				GCC_SYMBOLS_PRIVATE_EXTERN = NO;
				GCC_WARN_64_TO_32_BIT_CONVERSION = YES;
				GCC_WARN_ABOUT_RETURN_TYPE = YES_ERROR;
				GCC_WARN_UNDECLARED_SELECTOR = YES;
				GCC_WARN_UNINITIALIZED_AUTOS = YES_AGGRESSIVE;
				GCC_WARN_UNUSED_FUNCTION = YES;
				GCC_WARN_UNUSED_VARIABLE = YES;
				IPHONEOS_DEPLOYMENT_TARGET = 8.1;
				MTL_ENABLE_DEBUG_INFO = YES;
				ONLY_ACTIVE_ARCH = YES;
				SDKROOT = iphoneos;
				TARGETED_DEVICE_FAMILY = "1,2";
			};
			name = Debug;
		};
		7B6A91871A88707B001CE5D9 /* Release */ = {
			isa = XCBuildConfiguration;
			buildSettings = {
				ALWAYS_SEARCH_USER_PATHS = NO;
				CLANG_CXX_LANGUAGE_STANDARD = "gnu++0x";
				CLANG_CXX_LIBRARY = "libc++";
				CLANG_ENABLE_MODULES = YES;
				CLANG_ENABLE_OBJC_ARC = YES;
				CLANG_WARN_BOOL_CONVERSION = YES;
				CLANG_WARN_CONSTANT_CONVERSION = YES;
				CLANG_WARN_DIRECT_OBJC_ISA_USAGE = YES_ERROR;
				CLANG_WARN_EMPTY_BODY = YES;
				CLANG_WARN_ENUM_CONVERSION = YES;
				CLANG_WARN_INT_CONVERSION = YES;
				CLANG_WARN_OBJC_ROOT_CLASS = YES_ERROR;
				CLANG_WARN_UNREACHABLE_CODE = YES;
				CLANG_WARN__DUPLICATE_METHOD_MATCH = YES;
				"CODE_SIGN_IDENTITY[sdk=iphoneos*]" = "iPhone Developer";
				COPY_PHASE_STRIP = YES;
				ENABLE_NS_ASSERTIONS = NO;
				ENABLE_STRICT_OBJC_MSGSEND = YES;
				GCC_C_LANGUAGE_STANDARD = gnu99;
				GCC_WARN_64_TO_32_BIT_CONVERSION = YES;
				GCC_WARN_ABOUT_RETURN_TYPE = YES_ERROR;
				GCC_WARN_UNDECLARED_SELECTOR = YES;
				GCC_WARN_UNINITIALIZED_AUTOS = YES_AGGRESSIVE;
				GCC_WARN_UNUSED_FUNCTION = YES;
				GCC_WARN_UNUSED_VARIABLE = YES;
				IPHONEOS_DEPLOYMENT_TARGET = 8.1;
				MTL_ENABLE_DEBUG_INFO = NO;
				SDKROOT = iphoneos;
				TARGETED_DEVICE_FAMILY = "1,2";
				VALIDATE_PRODUCT = YES;
			};
			name = Release;
		};
		7B6A91891A88707B001CE5D9 /* Debug */ = {
			isa = XCBuildConfiguration;
			baseConfigurationReference = 5A4F3401370B35B7B230F0CA /* Pods.debug.xcconfig */;
			buildSettings = {
				ASSETCATALOG_COMPILER_APPICON_NAME = AppIcon;
				INFOPLIST_FILE = QMusicApp/Info.plist;
				LD_RUNPATH_SEARCH_PATHS = "$(inherited) @executable_path/Frameworks";
				PRODUCT_NAME = "$(TARGET_NAME)";
			};
			name = Debug;
		};
		7B6A918A1A88707B001CE5D9 /* Release */ = {
			isa = XCBuildConfiguration;
			baseConfigurationReference = 7A5EB608556E7CED30FD1C0A /* Pods.release.xcconfig */;
			buildSettings = {
				ASSETCATALOG_COMPILER_APPICON_NAME = AppIcon;
				INFOPLIST_FILE = QMusicApp/Info.plist;
				LD_RUNPATH_SEARCH_PATHS = "$(inherited) @executable_path/Frameworks";
				PRODUCT_NAME = "$(TARGET_NAME)";
			};
			name = Release;
		};
		7B6A918C1A88707B001CE5D9 /* Debug */ = {
			isa = XCBuildConfiguration;
			buildSettings = {
				BUNDLE_LOADER = "$(TEST_HOST)";
				FRAMEWORK_SEARCH_PATHS = (
					"$(SDKROOT)/Developer/Library/Frameworks",
					"$(inherited)",
				);
				GCC_PREPROCESSOR_DEFINITIONS = (
					"DEBUG=1",
					"$(inherited)",
				);
				INFOPLIST_FILE = QMusicAppTests/Info.plist;
				LD_RUNPATH_SEARCH_PATHS = "$(inherited) @executable_path/Frameworks @loader_path/Frameworks";
				PRODUCT_NAME = "$(TARGET_NAME)";
				TEST_HOST = "$(BUILT_PRODUCTS_DIR)/QMusicApp.app/QMusicApp";
			};
			name = Debug;
		};
		7B6A918D1A88707B001CE5D9 /* Release */ = {
			isa = XCBuildConfiguration;
			buildSettings = {
				BUNDLE_LOADER = "$(TEST_HOST)";
				FRAMEWORK_SEARCH_PATHS = (
					"$(SDKROOT)/Developer/Library/Frameworks",
					"$(inherited)",
				);
				INFOPLIST_FILE = QMusicAppTests/Info.plist;
				LD_RUNPATH_SEARCH_PATHS = "$(inherited) @executable_path/Frameworks @loader_path/Frameworks";
				PRODUCT_NAME = "$(TARGET_NAME)";
				TEST_HOST = "$(BUILT_PRODUCTS_DIR)/QMusicApp.app/QMusicApp";
			};
			name = Release;
		};
/* End XCBuildConfiguration section */

/* Begin XCConfigurationList section */
		7B6A91601A88707B001CE5D9 /* Build configuration list for PBXProject "QMusicApp" */ = {
			isa = XCConfigurationList;
			buildConfigurations = (
				7B6A91861A88707B001CE5D9 /* Debug */,
				7B6A91871A88707B001CE5D9 /* Release */,
			);
			defaultConfigurationIsVisible = 0;
			defaultConfigurationName = Release;
		};
		7B6A91881A88707B001CE5D9 /* Build configuration list for PBXNativeTarget "QMusicApp" */ = {
			isa = XCConfigurationList;
			buildConfigurations = (
				7B6A91891A88707B001CE5D9 /* Debug */,
				7B6A918A1A88707B001CE5D9 /* Release */,
			);
			defaultConfigurationIsVisible = 0;
			defaultConfigurationName = Release;
		};
		7B6A918B1A88707B001CE5D9 /* Build configuration list for PBXNativeTarget "QMusicAppTests" */ = {
			isa = XCConfigurationList;
			buildConfigurations = (
				7B6A918C1A88707B001CE5D9 /* Debug */,
				7B6A918D1A88707B001CE5D9 /* Release */,
			);
			defaultConfigurationIsVisible = 0;
			defaultConfigurationName = Release;
		};
/* End XCConfigurationList section */
	};
	rootObject = 7B6A915D1A88707B001CE5D9 /* Project object */;
}
